
Microsoft Visual Studio Solution File, Format Version 12.00
Project("{FAE04EC0-301F-11D3-BF4B-00C04F79EFBC}") = "inventory", "inventory\inventory.csproj", "{3824748B-68A0-4881-B058-48CAD9B920E1}"
EndProject
Global
	GlobalSection(SolutionConfigurationPlatforms) = preSolution
		Debug|Any CPU = Debug|Any CPU
		Release|Any CPU = Release|Any CPU
	EndGlobalSection
	GlobalSection(ProjectConfigurationPlatforms) = postSolution
		{3824748B-68A0-4881-B058-48CAD9B920E1}.Debug|Any CPU.ActiveCfg = Debug|Any CPU
		{3824748B-68A0-4881-B058-48CAD9B920E1}.Debug|Any CPU.Build.0 = Debug|Any CPU
		{3824748B-68A0-4881-B058-48CAD9B920E1}.Release|Any CPU.ActiveCfg = Release|Any CPU
		{3824748B-68A0-4881-B058-48CAD9B920E1}.Release|Any CPU.Build.0 = Release|Any CPU
	EndGlobalSection
EndGlobal
